
Microsoft Visual Studio Solution File, Format Version 12.00
# Visual Studio Version 17
VisualStudioVersion = 17.1.32407.343
MinimumVisualStudioVersion = 10.0.40219.1
Project("{FAE04EC0-301F-11D3-BF4B-00C04F79EFBC}") = "HomeLoanCaseStudy", "HomeLoanCaseStudy\HomeLoanCaseStudy.csproj", "{025DD551-03FC-4118-8098-A2F998AE2D0E}"
EndProject
Global
	GlobalSection(SolutionConfigurationPlatforms) = preSolution
		Debug|Any CPU = Debug|Any CPU
		Release|Any CPU = Release|Any CPU
	EndGlobalSection
	GlobalSection(ProjectConfigurationPlatforms) = postSolution
		{025DD551-03FC-4118-8098-A2F998AE2D0E}.Debug|Any CPU.ActiveCfg = Debug|Any CPU
		{025DD551-03FC-4118-8098-A2F998AE2D0E}.Debug|Any CPU.Build.0 = Debug|Any CPU
		{025DD551-03FC-4118-8098-A2F998AE2D0E}.Release|Any CPU.ActiveCfg = Release|Any CPU
		{025DD551-03FC-4118-8098-A2F998AE2D0E}.Release|Any CPU.Build.0 = Release|Any CPU
	EndGlobalSection
	GlobalSection(SolutionProperties) = preSolution
		HideSolutionNode = FALSE
	EndGlobalSection
	GlobalSection(ExtensibilityGlobals) = postSolution
		SolutionGuid = {F69C17B1-8C50-404B-AB14-6A62B126D042}
	EndGlobalSection
EndGlobal
